// !$*UTF8*$!
{
	archiveVersion = 1;
	classes = {
	};
	objectVersion = 50;
	objects = {

/* Begin PBXBuildFile section */
		C43B8BFC246D928300BD1D40 /* Mine.swift in Sources */ = {isa = PBXBuildFile; fileRef = C43B8BFB246D928300BD1D40 /* Mine.swift */; };
		C4826C8224621D8E0034F48C /* main.swift in Sources */ = {isa = PBXBuildFile; fileRef = C4826C8124621D8E0034F48C /* main.swift */; };
		C4826C8924621EC30034F48C /* TankWorld.swift in Sources */ = {isa = PBXBuildFile; fileRef = C4826C8824621EC20034F48C /* TankWorld.swift */; };
		C4826C8B2462207D0034F48C /* TankWorldSupport.swift in Sources */ = {isa = PBXBuildFile; fileRef = C4826C8A2462207D0034F48C /* TankWorldSupport.swift */; };
		C4826C8D246220970034F48C /* TankWorldDisplay.swift in Sources */ = {isa = PBXBuildFile; fileRef = C4826C8C246220970034F48C /* TankWorldDisplay.swift */; };
		C4826C91246221040034F48C /* TankWorldActions.swift in Sources */ = {isa = PBXBuildFile; fileRef = C4826C90246221040034F48C /* TankWorldActions.swift */; };
		C4826C93246221440034F48C /* GameObjectType.swift in Sources */ = {isa = PBXBuildFile; fileRef = C4826C92246221440034F48C /* GameObjectType.swift */; };
		C4826C95246221640034F48C /* Tank.swift in Sources */ = {isa = PBXBuildFile; fileRef = C4826C94246221640034F48C /* Tank.swift */; };
		C4826C97246221B90034F48C /* Action.swift in Sources */ = {isa = PBXBuildFile; fileRef = C4826C96246221B90034F48C /* Action.swift */; };
		C4826C99246221D20034F48C /* Position.swift in Sources */ = {isa = PBXBuildFile; fileRef = C4826C98246221D20034F48C /* Position.swift */; };
		C4826C9B246221F30034F48C /* Direction.swift in Sources */ = {isa = PBXBuildFile; fileRef = C4826C9A246221F30034F48C /* Direction.swift */; };
		C4826C9D2462220C0034F48C /* RadarResult.swift in Sources */ = {isa = PBXBuildFile; fileRef = C4826C9C2462220C0034F48C /* RadarResult.swift */; };
		C4826C9F2462222A0034F48C /* MessageCenter.swift in Sources */ = {isa = PBXBuildFile; fileRef = C4826C9E2462222A0034F48C /* MessageCenter.swift */; };
		C4826CA1246222470034F48C /* Constants.swift in Sources */ = {isa = PBXBuildFile; fileRef = C4826CA0246222470034F48C /* Constants.swift */; };
		C4C36EB02493DB5200338509 /* LARY.swift in Sources */ = {isa = PBXBuildFile; fileRef = C4C36EAF2493DB5200338509 /* LARY.swift */; };
		C4F7C6A82463775900EC40F1 /* GameObject.swift in Sources */ = {isa = PBXBuildFile; fileRef = C4F7C6A72463775900EC40F1 /* GameObject.swift */; };
		C4F7C6AA2463785E00EC40F1 /* Logger.swift in Sources */ = {isa = PBXBuildFile; fileRef = C4F7C6A92463785E00EC40F1 /* Logger.swift */; };
/* End PBXBuildFile section */

/* Begin PBXCopyFilesBuildPhase section */
		C4826C7C24621D8E0034F48C /* CopyFiles */ = {
			isa = PBXCopyFilesBuildPhase;
			buildActionMask = 2147483647;
			dstPath = /usr/share/man/man1/;
			dstSubfolderSpec = 0;
			files = (
			);
			runOnlyForDeploymentPostprocessing = 1;
		};
/* End PBXCopyFilesBuildPhase section */

/* Begin PBXFileReference section */
		C43B8BFB246D928300BD1D40 /* Mine.swift */ = {isa = PBXFileReference; lastKnownFileType = sourcecode.swift; path = Mine.swift; sourceTree = "<group>"; };
		C4826C7E24621D8E0034F48C /* TankLand */ = {isa = PBXFileReference; explicitFileType = "compiled.mach-o.executable"; includeInIndex = 0; path = TankLand; sourceTree = BUILT_PRODUCTS_DIR; };
		C4826C8124621D8E0034F48C /* main.swift */ = {isa = PBXFileReference; lastKnownFileType = sourcecode.swift; path = main.swift; sourceTree = "<group>"; };
		C4826C8824621EC20034F48C /* TankWorld.swift */ = {isa = PBXFileReference; lastKnownFileType = sourcecode.swift; path = TankWorld.swift; sourceTree = "<group>"; };
		C4826C8A2462207D0034F48C /* TankWorldSupport.swift */ = {isa = PBXFileReference; lastKnownFileType = sourcecode.swift; path = TankWorldSupport.swift; sourceTree = "<group>"; };
		C4826C8C246220970034F48C /* TankWorldDisplay.swift */ = {isa = PBXFileReference; lastKnownFileType = sourcecode.swift; path = TankWorldDisplay.swift; sourceTree = "<group>"; };
		C4826C90246221040034F48C /* TankWorldActions.swift */ = {isa = PBXFileReference; lastKnownFileType = sourcecode.swift; path = TankWorldActions.swift; sourceTree = "<group>"; };
		C4826C92246221440034F48C /* GameObjectType.swift */ = {isa = PBXFileReference; lastKnownFileType = sourcecode.swift; path = GameObjectType.swift; sourceTree = "<group>"; };
		C4826C94246221640034F48C /* Tank.swift */ = {isa = PBXFileReference; lastKnownFileType = sourcecode.swift; path = Tank.swift; sourceTree = "<group>"; };
		C4826C96246221B90034F48C /* Action.swift */ = {isa = PBXFileReference; lastKnownFileType = sourcecode.swift; path = Action.swift; sourceTree = "<group>"; };
		C4826C98246221D20034F48C /* Position.swift */ = {isa = PBXFileReference; lastKnownFileType = sourcecode.swift; path = Position.swift; sourceTree = "<group>"; };
		C4826C9A246221F30034F48C /* Direction.swift */ = {isa = PBXFileReference; lastKnownFileType = sourcecode.swift; path = Direction.swift; sourceTree = "<group>"; };
		C4826C9C2462220C0034F48C /* RadarResult.swift */ = {isa = PBXFileReference; lastKnownFileType = sourcecode.swift; path = RadarResult.swift; sourceTree = "<group>"; };
		C4826C9E2462222A0034F48C /* MessageCenter.swift */ = {isa = PBXFileReference; lastKnownFileType = sourcecode.swift; path = MessageCenter.swift; sourceTree = "<group>"; };
		C4826CA0246222470034F48C /* Constants.swift */ = {isa = PBXFileReference; lastKnownFileType = sourcecode.swift; path = Constants.swift; sourceTree = "<group>"; };
		C4C36EAF2493DB5200338509 /* LARY.swift */ = {isa = PBXFileReference; lastKnownFileType = sourcecode.swift; path = LARY.swift; sourceTree = "<group>"; };
		C4F7C6A72463775900EC40F1 /* GameObject.swift */ = {isa = PBXFileReference; lastKnownFileType = sourcecode.swift; path = GameObject.swift; sourceTree = "<group>"; };
		C4F7C6A92463785E00EC40F1 /* Logger.swift */ = {isa = PBXFileReference; lastKnownFileType = sourcecode.swift; path = Logger.swift; sourceTree = "<group>"; };
/* End PBXFileReference section */

/* Begin PBXFrameworksBuildPhase section */
		C4826C7B24621D8E0034F48C /* Frameworks */ = {
			isa = PBXFrameworksBuildPhase;
			buildActionMask = 2147483647;
			files = (
			);
			runOnlyForDeploymentPostprocessing = 0;
		};
/* End PBXFrameworksBuildPhase section */

/* Begin PBXGroup section */
		C4826C7524621D8E0034F48C = {
			isa = PBXGroup;
			children = (
				C4826C8024621D8E0034F48C /* TankLand */,
				C4826C7F24621D8E0034F48C /* Products */,
			);
			sourceTree = "<group>";
		};
		C4826C7F24621D8E0034F48C /* Products */ = {
			isa = PBXGroup;
			children = (
				C4826C7E24621D8E0034F48C /* TankLand */,
			);
			name = Products;
			sourceTree = "<group>";
		};
		C4826C8024621D8E0034F48C /* TankLand */ = {
			isa = PBXGroup;
			children = (
				C4826C8124621D8E0034F48C /* main.swift */,
				C4C36EAF2493DB5200338509 /* LARY.swift */,
				C4F7C6A92463785E00EC40F1 /* Logger.swift */,
				C4F7C6A72463775900EC40F1 /* GameObject.swift */,
				C4826C92246221440034F48C /* GameObjectType.swift */,
				C4826C94246221640034F48C /* Tank.swift */,
				C43B8BFB246D928300BD1D40 /* Mine.swift */,
				C4826C9A246221F30034F48C /* Direction.swift */,
				C4826C9E2462222A0034F48C /* MessageCenter.swift */,
				C4826C9C2462220C0034F48C /* RadarResult.swift */,
				C4826CA0246222470034F48C /* Constants.swift */,
				C4826C98246221D20034F48C /* Position.swift */,
				C4826C8824621EC20034F48C /* TankWorld.swift */,
				C4826C8C246220970034F48C /* TankWorldDisplay.swift */,
				C4826C96246221B90034F48C /* Action.swift */,
				C4826C90246221040034F48C /* TankWorldActions.swift */,
				C4826C8A2462207D0034F48C /* TankWorldSupport.swift */,
			);
			path = TankLand;
			sourceTree = "<group>";
		};
/* End PBXGroup section */

/* Begin PBXNativeTarget section */
		C4826C7D24621D8E0034F48C /* TankLand */ = {
			isa = PBXNativeTarget;
			buildConfigurationList = C4826C8524621D8E0034F48C /* Build configuration list for PBXNativeTarget "TankLand" */;
			buildPhases = (
				C4826C7A24621D8E0034F48C /* Sources */,
				C4826C7B24621D8E0034F48C /* Frameworks */,
				C4826C7C24621D8E0034F48C /* CopyFiles */,
			);
			buildRules = (
			);
			dependencies = (
			);
			name = TankLand;
			productName = TankLand;
			productReference = C4826C7E24621D8E0034F48C /* TankLand */;
			productType = "com.apple.product-type.tool";
		};
/* End PBXNativeTarget section */

/* Begin PBXProject section */
		C4826C7624621D8E0034F48C /* Project object */ = {
			isa = PBXProject;
			attributes = {
				LastSwiftUpdateCheck = 1130;
				LastUpgradeCheck = 1130;
				ORGANIZATIONNAME = None;
				TargetAttributes = {
					C4826C7D24621D8E0034F48C = {
						CreatedOnToolsVersion = 11.3.1;
					};
				};
			};
			buildConfigurationList = C4826C7924621D8E0034F48C /* Build configuration list for PBXProject "TankLand" */;
			compatibilityVersion = "Xcode 9.3";
			developmentRegion = en;
			hasScannedForEncodings = 0;
			knownRegions = (
				en,
				Base,
			);
			mainGroup = C4826C7524621D8E0034F48C;
			productRefGroup = C4826C7F24621D8E0034F48C /* Products */;
			projectDirPath = "";
			projectRoot = "";
			targets = (
				C4826C7D24621D8E0034F48C /* TankLand */,
			);
		};
/* End PBXProject section */

/* Begin PBXSourcesBuildPhase section */
		C4826C7A24621D8E0034F48C /* Sources */ = {
			isa = PBXSourcesBuildPhase;
			buildActionMask = 2147483647;
			files = (
				C4826C8924621EC30034F48C /* TankWorld.swift in Sources */,
				C4826C9D2462220C0034F48C /* RadarResult.swift in Sources */,
				C4826C8D246220970034F48C /* TankWorldDisplay.swift in Sources */,
				C4C36EB02493DB5200338509 /* LARY.swift in Sources */,
				C4826C8B2462207D0034F48C /* TankWorldSupport.swift in Sources */,
				C4826C9B246221F30034F48C /* Direction.swift in Sources */,
				C4826C91246221040034F48C /* TankWorldActions.swift in Sources */,
				C4826C93246221440034F48C /* GameObjectType.swift in Sources */,
				C4F7C6AA2463785E00EC40F1 /* Logger.swift in Sources */,
				C4826CA1246222470034F48C /* Constants.swift in Sources */,
				C4826C97246221B90034F48C /* Action.swift in Sources */,
				C4826C9F2462222A0034F48C /* MessageCenter.swift in Sources */,
				C4826C95246221640034F48C /* Tank.swift in Sources */,
				C4826C8224621D8E0034F48C /* main.swift in Sources */,
				C4826C99246221D20034F48C /* Position.swift in Sources */,
				C43B8BFC246D928300BD1D40 /* Mine.swift in Sources */,
				C4F7C6A82463775900EC40F1 /* GameObject.swift in Sources */,
			);
			runOnlyForDeploymentPostprocessing = 0;
		};
/* End PBXSourcesBuildPhase section */

/* Begin XCBuildConfiguration section */
		C4826C8324621D8E0034F48C /* Debug */ = {
			isa = XCBuildConfiguration;
			buildSettings = {
				ALWAYS_SEARCH_USER_PATHS = NO;
				CLANG_ANALYZER_NONNULL = YES;
				CLANG_ANALYZER_NUMBER_OBJECT_CONVERSION = YES_AGGRESSIVE;
				CLANG_CXX_LANGUAGE_STANDARD = "gnu++14";
				CLANG_CXX_LIBRARY = "libc++";
				CLANG_ENABLE_MODULES = YES;
				CLANG_ENABLE_OBJC_ARC = YES;
				CLANG_ENABLE_OBJC_WEAK = YES;
				CLANG_WARN_BLOCK_CAPTURE_AUTORELEASING = YES;
				CLANG_WARN_BOOL_CONVERSION = YES;
				CLANG_WARN_COMMA = YES;
				CLANG_WARN_CONSTANT_CONVERSION = YES;
				CLANG_WARN_DEPRECATED_OBJC_IMPLEMENTATIONS = YES;
				CLANG_WARN_DIRECT_OBJC_ISA_USAGE = YES_ERROR;
				CLANG_WARN_DOCUMENTATION_COMMENTS = YES;
				CLANG_WARN_EMPTY_BODY = YES;
				CLANG_WARN_ENUM_CONVERSION = YES;
				CLANG_WARN_INFINITE_RECURSION = YES;
				CLANG_WARN_INT_CONVERSION = YES;
				CLANG_WARN_NON_LITERAL_NULL_CONVERSION = YES;
				CLANG_WARN_OBJC_IMPLICIT_RETAIN_SELF = YES;
				CLANG_WARN_OBJC_LITERAL_CONVERSION = YES;
				CLANG_WARN_OBJC_ROOT_CLASS = YES_ERROR;
				CLANG_WARN_RANGE_LOOP_ANALYSIS = YES;
				CLANG_WARN_STRICT_PROTOTYPES = YES;
				CLANG_WARN_SUSPICIOUS_MOVE = YES;
				CLANG_WARN_UNGUARDED_AVAILABILITY = YES_AGGRESSIVE;
				CLANG_WARN_UNREACHABLE_CODE = YES;
				CLANG_WARN__DUPLICATE_METHOD_MATCH = YES;
				COPY_PHASE_STRIP = NO;
				DEBUG_INFORMATION_FORMAT = dwarf;
				ENABLE_STRICT_OBJC_MSGSEND = YES;
				ENABLE_TESTABILITY = YES;
				GCC_C_LANGUAGE_STANDARD = gnu11;
				GCC_DYNAMIC_NO_PIC = NO;
				GCC_NO_COMMON_BLOCKS = YES;
				GCC_OPTIMIZATION_LEVEL = 0;
				GCC_PREPROCESSOR_DEFINITIONS = (
					"DEBUG=1",
					"$(inherited)",
				);
				GCC_WARN_64_TO_32_BIT_CONVERSION = YES;
				GCC_WARN_ABOUT_RETURN_TYPE = YES_ERROR;
				GCC_WARN_UNDECLARED_SELECTOR = YES;
				GCC_WARN_UNINITIALIZED_AUTOS = YES_AGGRESSIVE;
				GCC_WARN_UNUSED_FUNCTION = YES;
				GCC_WARN_UNUSED_VARIABLE = YES;
				MACOSX_DEPLOYMENT_TARGET = 10.15;
				MTL_ENABLE_DEBUG_INFO = INCLUDE_SOURCE;
				MTL_FAST_MATH = YES;
				ONLY_ACTIVE_ARCH = YES;
				SDKROOT = macosx;
				SWIFT_ACTIVE_COMPILATION_CONDITIONS = DEBUG;
				SWIFT_OPTIMIZATION_LEVEL = "-Onone";
			};
			name = Debug;
		};
		C4826C8424621D8E0034F48C /* Release */ = {
			isa = XCBuildConfiguration;
			buildSettings = {
				ALWAYS_SEARCH_USER_PATHS = NO;
				CLANG_ANALYZER_NONNULL = YES;
				CLANG_ANALYZER_NUMBER_OBJECT_CONVERSION = YES_AGGRESSIVE;
				CLANG_CXX_LANGUAGE_STANDARD = "gnu++14";
				CLANG_CXX_LIBRARY = "libc++";
				CLANG_ENABLE_MODULES = YES;
				CLANG_ENABLE_OBJC_ARC = YES;
				CLANG_ENABLE_OBJC_WEAK = YES;
				CLANG_WARN_BLOCK_CAPTURE_AUTORELEASING = YES;
				CLANG_WARN_BOOL_CONVERSION = YES;
				CLANG_WARN_COMMA = YES;
				CLANG_WARN_CONSTANT_CONVERSION = YES;
				CLANG_WARN_DEPRECATED_OBJC_IMPLEMENTATIONS = YES;
				CLANG_WARN_DIRECT_OBJC_ISA_USAGE = YES_ERROR;
				CLANG_WARN_DOCUMENTATION_COMMENTS = YES;
				CLANG_WARN_EMPTY_BODY = YES;
				CLANG_WARN_ENUM_CONVERSION = YES;
				CLANG_WARN_INFINITE_RECURSION = YES;
				CLANG_WARN_INT_CONVERSION = YES;
				CLANG_WARN_NON_LITERAL_NULL_CONVERSION = YES;
				CLANG_WARN_OBJC_IMPLICIT_RETAIN_SELF = YES;
				CLANG_WARN_OBJC_LITERAL_CONVERSION = YES;
				CLANG_WARN_OBJC_ROOT_CLASS = YES_ERROR;
				CLANG_WARN_RANGE_LOOP_ANALYSIS = YES;
				CLANG_WARN_STRICT_PROTOTYPES = YES;
				CLANG_WARN_SUSPICIOUS_MOVE = YES;
				CLANG_WARN_UNGUARDED_AVAILABILITY = YES_AGGRESSIVE;
				CLANG_WARN_UNREACHABLE_CODE = YES;
				CLANG_WARN__DUPLICATE_METHOD_MATCH = YES;
				COPY_PHASE_STRIP = NO;
				DEBUG_INFORMATION_FORMAT = "dwarf-with-dsym";
				ENABLE_NS_ASSERTIONS = NO;
				ENABLE_STRICT_OBJC_MSGSEND = YES;
				GCC_C_LANGUAGE_STANDARD = gnu11;
				GCC_NO_COMMON_BLOCKS = YES;
				GCC_WARN_64_TO_32_BIT_CONVERSION = YES;
				GCC_WARN_ABOUT_RETURN_TYPE = YES_ERROR;
				GCC_WARN_UNDECLARED_SELECTOR = YES;
				GCC_WARN_UNINITIALIZED_AUTOS = YES_AGGRESSIVE;
				GCC_WARN_UNUSED_FUNCTION = YES;
				GCC_WARN_UNUSED_VARIABLE = YES;
				MACOSX_DEPLOYMENT_TARGET = 10.15;
				MTL_ENABLE_DEBUG_INFO = NO;
				MTL_FAST_MATH = YES;
				SDKROOT = macosx;
				SWIFT_COMPILATION_MODE = wholemodule;
				SWIFT_OPTIMIZATION_LEVEL = "-O";
			};
			name = Release;
		};
		C4826C8624621D8E0034F48C /* Debug */ = {
			isa = XCBuildConfiguration;
			buildSettings = {
				CODE_SIGN_STYLE = Automatic;
				PRODUCT_NAME = "$(TARGET_NAME)";
				SWIFT_VERSION = 5.0;
			};
			name = Debug;
		};
		C4826C8724621D8E0034F48C /* Release */ = {
			isa = XCBuildConfiguration;
			buildSettings = {
				CODE_SIGN_STYLE = Automatic;
				PRODUCT_NAME = "$(TARGET_NAME)";
				SWIFT_VERSION = 5.0;
			};
			name = Release;
		};
/* End XCBuildConfiguration section */

/* Begin XCConfigurationList section */
		C4826C7924621D8E0034F48C /* Build configuration list for PBXProject "TankLand" */ = {
			isa = XCConfigurationList;
			buildConfigurations = (
				C4826C8324621D8E0034F48C /* Debug */,
				C4826C8424621D8E0034F48C /* Release */,
			);
			defaultConfigurationIsVisible = 0;
			defaultConfigurationName = Release;
		};
		C4826C8524621D8E0034F48C /* Build configuration list for PBXNativeTarget "TankLand" */ = {
			isa = XCConfigurationList;
			buildConfigurations = (
				C4826C8624621D8E0034F48C /* Debug */,
				C4826C8724621D8E0034F48C /* Release */,
			);
			defaultConfigurationIsVisible = 0;
			defaultConfigurationName = Release;
		};
/* End XCConfigurationList section */
	};
	rootObject = C4826C7624621D8E0034F48C /* Project object */;
}
